
Microsoft Visual Studio Solution File, Format Version 12.00
# Visual Studio Version 16
VisualStudioVersion = 16.0.29424.173
MinimumVisualStudioVersion = 10.0.40219.1
Project("{FAE04EC0-301F-11D3-BF4B-00C04F79EFBC}") = "InvestmentCalc", "InvestmentCalc.csproj", "{CE5CB77E-2CEC-4473-9F12-D0AB04BD75B6}"
EndProject
Global
	GlobalSection(SolutionConfigurationPlatforms) = preSolution
		Debug|Any CPU = Debug|Any CPU
		Release|Any CPU = Release|Any CPU
	EndGlobalSection
	GlobalSection(ProjectConfigurationPlatforms) = postSolution
		{CE5CB77E-2CEC-4473-9F12-D0AB04BD75B6}.Debug|Any CPU.ActiveCfg = Debug|Any CPU
		{CE5CB77E-2CEC-4473-9F12-D0AB04BD75B6}.Debug|Any CPU.Build.0 = Debug|Any CPU
		{CE5CB77E-2CEC-4473-9F12-D0AB04BD75B6}.Release|Any CPU.ActiveCfg = Release|Any CPU
		{CE5CB77E-2CEC-4473-9F12-D0AB04BD75B6}.Release|Any CPU.Build.0 = Release|Any CPU
	EndGlobalSection
	GlobalSection(SolutionProperties) = preSolution
		HideSolutionNode = FALSE
	EndGlobalSection
	GlobalSection(ExtensibilityGlobals) = postSolution
		SolutionGuid = {38412873-BF59-49E9-8641-1E8AC1A94774}
	EndGlobalSection
EndGlobal
